<?xml version="1.0" encoding="utf-8"?>
<Project ToolsVersion="4.0" xmlns="http://schemas.microsoft.com/developer/msbuild/2003">
  <ItemGroup>
    <ClCompile Include="..\..\src\main.c" />
  </ItemGroup>
  <ItemGroup>
    <ClInclude Include="..\..\src\libc\stdio2.h" />
    <ClInclude Include="..\..\src\header.h" />
    <ClInclude Include="..\..\src\minio.h" />
  </ItemGroup>
</Project>